<?xml version="1.0" encoding="utf-8"?>
<Project ToolsVersion="4.0" xmlns="http://schemas.microsoft.com/developer/msbuild/2003">
  <ItemGroup>
    <Filter Include="Source Files">
      <UniqueIdentifier>{4FC737F1-C7A5-4376-A066-2A32D752A2FF}</UniqueIdentifier>
      <Extensions>qml;cpp;c;cc;cxx;def;odl;idl;hpj;bat;asm;asmx</Extensions>
    </Filter>
    <Filter Include="Header Files">
      <UniqueIdentifier>{93995380-89BD-4b04-88EB-625FBE52EBFB}</UniqueIdentifier>
      <Extensions>h;hh;hpp;hxx;hm;inl;inc;xsd</Extensions>
    </Filter>
    <Filter Include="Resource Files">
      <UniqueIdentifier>{67DA6AB6-F800-4c08-8B7A-83BB121AAD01}</UniqueIdentifier>
      <Extensions>qrc;rc;ico;cur;bmp;dlg;rc2;rct;bin;rgs;gif;jpg;jpeg;jpe;resx;tiff;tif;png;wav;mfcribbon-ms</Extensions>
    </Filter>
    <Filter Include="Form Files">
      <UniqueIdentifier>{99349809-55BA-4b9d-BF79-8FDBB0286EB3}</UniqueIdentifier>
      <Extensions>ui</Extensions>
    </Filter>
    <Filter Include="Translation Files">
      <UniqueIdentifier>{639EADAA-A684-42e4-A9AD-28FC9BCB8F7C}</UniqueIdentifier>
      <Extensions>ts</Extensions>
    </Filter>
  </ItemGroup>
  <ItemGroup>
    <QtRcc Include="MainInterface.qrc">
      <Filter>Resource Files</Filter>
    </QtRcc>
    <QtUic Include="MainInterface.ui">
      <Filter>Form Files</Filter>
    </QtUic>
    <QtMoc Include="MainInterface.h">
      <Filter>Header Files</Filter>
    </QtMoc>
    <ClCompile Include="MainInterface.cpp">
      <Filter>Source Files</Filter>
    </ClCompile>
  </ItemGroup>
  <ItemGroup>
    <ClCompile Include="main.cpp">
      <Filter>Source Files</Filter>
    </ClCompile>
    <ClCompile Include="CameraManager.cpp">
      <Filter>Source Files</Filter>
    </ClCompile>
    <ClCompile Include="FrameGraphicsView.cpp">
      <Filter>Source Files</Filter>
    </ClCompile>
    <ClCompile Include="ToolBarButton.cpp">
      <Filter>Source Files</Filter>
    </ClCompile>
    <ClCompile Include="AnimationMenu.cpp">
      <Filter>Source Files</Filter>
    </ClCompile>
    <ClCompile Include="CapturesList.cpp">
      <Filter>Source Files</Filter>
    </ClCompile>
    <ClCompile Include="UnderToolBar.cpp">
      <Filter>Source Files</Filter>
    </ClCompile>
    <ClCompile Include="CaptureListWidget.cpp">
      <Filter>Source Files</Filter>
    </ClCompile>
    <ClCompile Include="CapturedNotify.cpp">
      <Filter>Source Files</Filter>
    </ClCompile>
    <ClCompile Include="PenGraphicsItem.cpp">
      <Filter>Source Files</Filter>
    </ClCompile>
    <ClCompile Include="EraserGraphicsItem.cpp">
      <Filter>Source Files</Filter>
    </ClCompile>
    <ClCompile Include="BottomVideoGraphicsItem.cpp">
      <Filter>Source Files</Filter>
    </ClCompile>
    <ClCompile Include="BottomPixmapGraphicsItem.cpp">
      <Filter>Source Files</Filter>
    </ClCompile>
    <ClCompile Include="EraserOptionsWidget.cpp">
      <Filter>Source Files</Filter>
    </ClCompile>
    <ClCompile Include="PenOptionsWidget.cpp">
      <Filter>Source Files</Filter>
    </ClCompile>
  </ItemGroup>
  <ItemGroup>
    <QtMoc Include="CameraManager.h">
      <Filter>Header Files</Filter>
    </QtMoc>
    <QtMoc Include="FrameGraphicsView.h">
      <Filter>Header Files</Filter>
    </QtMoc>
    <QtMoc Include="ToolBarButton.h">
      <Filter>Header Files</Filter>
    </QtMoc>
    <QtMoc Include="AnimationMenu.h">
      <Filter>Header Files</Filter>
    </QtMoc>
    <QtMoc Include="CapturesList.h">
      <Filter>Header Files</Filter>
    </QtMoc>
    <QtMoc Include="UnderToolBar.h">
      <Filter>Header Files</Filter>
    </QtMoc>
    <QtMoc Include="CaptureListWidget.h">
      <Filter>Header Files</Filter>
    </QtMoc>
    <QtMoc Include="CapturedNotify.h">
      <Filter>Header Files</Filter>
    </QtMoc>
    <QtMoc Include="PenGraphicsItem.h">
      <Filter>Header Files</Filter>
    </QtMoc>
    <QtMoc Include="EraserGraphicsItem.h">
      <Filter>Header Files</Filter>
    </QtMoc>
    <QtMoc Include="BottomVideoGraphicsItem.h">
      <Filter>Header Files</Filter>
    </QtMoc>
    <QtMoc Include="BottomPixmapGraphicsItem.h">
      <Filter>Header Files</Filter>
    </QtMoc>
    <QtMoc Include="EraserOptionsWidget.h">
      <Filter>Header Files</Filter>
    </QtMoc>
    <QtMoc Include="PenOptionsWidget.h">
      <Filter>Header Files</Filter>
    </QtMoc>
  </ItemGroup>
  <ItemGroup>
    <None Include="StyleSheets\StyleSheet.qss">
      <Filter>Resource Files</Filter>
    </None>
  </ItemGroup>
  <ItemGroup>
    <QtUic Include="CapturesList.ui">
      <Filter>Form Files</Filter>
    </QtUic>
    <QtUic Include="CapturedNotify.ui">
      <Filter>Form Files</Filter>
    </QtUic>
    <QtUic Include="EraserOptionsWidget.ui">
      <Filter>Form Files</Filter>
    </QtUic>
    <QtUic Include="PenOptionsWidget.ui">
      <Filter>Form Files</Filter>
    </QtUic>
  </ItemGroup>
</Project>